
Microsoft Visual Studio Solution File, Format Version 12.00
# Visual Studio Version 16
VisualStudioVersion = 16.0.29709.97
MinimumVisualStudioVersion = 10.0.40219.1
Project("{9A19103F-16F7-4668-BE54-9A1E7A4F7556}") = "NeptuneEvo", "NeptuneEvo\NeptuneEvo.csproj", "{9C862D4F-7204-4A68-9BC0-2AC9141F20CC}"
EndProject
Project("{9A19103F-16F7-4668-BE54-9A1E7A4F7556}") = "NeptuneEvoSDK", "NeptuneEvoSDK\NeptuneEvoSDK.csproj", "{4FC9916D-DC7A-4C44-B64F-C98F9E9EDBFC}"
EndProject
Project("{FAE04EC0-301F-11D3-BF4B-00C04F79EFBC}") = "Localization", "Localization\Localization.csproj", "{3818B902-D223-471C-959A-396BE0A0D0E3}"
EndProject
Global
	GlobalSection(SolutionConfigurationPlatforms) = preSolution
		Debug|Any CPU = Debug|Any CPU
		Debug|x64 = Debug|x64
		Release|Any CPU = Release|Any CPU
		Release|x64 = Release|x64
	EndGlobalSection
	GlobalSection(ProjectConfigurationPlatforms) = postSolution
		{9C862D4F-7204-4A68-9BC0-2AC9141F20CC}.Debug|Any CPU.ActiveCfg = Debug|Any CPU
		{9C862D4F-7204-4A68-9BC0-2AC9141F20CC}.Debug|Any CPU.Build.0 = Debug|Any CPU
		{9C862D4F-7204-4A68-9BC0-2AC9141F20CC}.Debug|x64.ActiveCfg = Debug|x64
		{9C862D4F-7204-4A68-9BC0-2AC9141F20CC}.Debug|x64.Build.0 = Debug|x64
		{9C862D4F-7204-4A68-9BC0-2AC9141F20CC}.Release|Any CPU.ActiveCfg = Release|Any CPU
		{9C862D4F-7204-4A68-9BC0-2AC9141F20CC}.Release|Any CPU.Build.0 = Release|Any CPU
		{9C862D4F-7204-4A68-9BC0-2AC9141F20CC}.Release|x64.ActiveCfg = Release|x64
		{9C862D4F-7204-4A68-9BC0-2AC9141F20CC}.Release|x64.Build.0 = Release|x64
		{4FC9916D-DC7A-4C44-B64F-C98F9E9EDBFC}.Debug|Any CPU.ActiveCfg = Debug|Any CPU
		{4FC9916D-DC7A-4C44-B64F-C98F9E9EDBFC}.Debug|Any CPU.Build.0 = Debug|Any CPU
		{4FC9916D-DC7A-4C44-B64F-C98F9E9EDBFC}.Debug|x64.ActiveCfg = Debug|x64
		{4FC9916D-DC7A-4C44-B64F-C98F9E9EDBFC}.Debug|x64.Build.0 = Debug|x64
		{4FC9916D-DC7A-4C44-B64F-C98F9E9EDBFC}.Release|Any CPU.ActiveCfg = Release|Any CPU
		{4FC9916D-DC7A-4C44-B64F-C98F9E9EDBFC}.Release|Any CPU.Build.0 = Release|Any CPU
		{4FC9916D-DC7A-4C44-B64F-C98F9E9EDBFC}.Release|x64.ActiveCfg = Release|x64
		{4FC9916D-DC7A-4C44-B64F-C98F9E9EDBFC}.Release|x64.Build.0 = Release|x64
		{3818B902-D223-471C-959A-396BE0A0D0E3}.Debug|Any CPU.ActiveCfg = Debug|Any CPU
		{3818B902-D223-471C-959A-396BE0A0D0E3}.Debug|Any CPU.Build.0 = Debug|Any CPU
		{3818B902-D223-471C-959A-396BE0A0D0E3}.Debug|x64.ActiveCfg = Debug|Any CPU
		{3818B902-D223-471C-959A-396BE0A0D0E3}.Debug|x64.Build.0 = Debug|Any CPU
		{3818B902-D223-471C-959A-396BE0A0D0E3}.Release|Any CPU.ActiveCfg = Release|Any CPU
		{3818B902-D223-471C-959A-396BE0A0D0E3}.Release|Any CPU.Build.0 = Release|Any CPU
		{3818B902-D223-471C-959A-396BE0A0D0E3}.Release|x64.ActiveCfg = Release|Any CPU
		{3818B902-D223-471C-959A-396BE0A0D0E3}.Release|x64.Build.0 = Release|Any CPU
	EndGlobalSection
	GlobalSection(SolutionProperties) = preSolution
		HideSolutionNode = FALSE
	EndGlobalSection
	GlobalSection(ExtensibilityGlobals) = postSolution
		SolutionGuid = {6A8F9E58-6702-46EB-862C-BE72D05D324A}
	EndGlobalSection
EndGlobal
